
Microsoft Visual Studio Solution File, Format Version 12.00
# Visual Studio Version 16
VisualStudioVersion = 16.0.30011.22
MinimumVisualStudioVersion = 10.0.40219.1
Project("{9A19103F-16F7-4668-BE54-9A1E7A4F7556}") = "copa-filmes-api", "copa-filmes-api\copa-filmes-api.csproj", "{92B6021A-510C-4D80-BEFC-B8E2AA67A2EB}"
EndProject
Project("{FAE04EC0-301F-11D3-BF4B-00C04F79EFBC}") = "copa-filmes-api.Entidades", "copa-filmes-api.Entidades\copa-filmes-api.Entidades.csproj", "{A8B143D1-2873-4650-8C30-50A7E75DF11B}"
EndProject
Project("{FAE04EC0-301F-11D3-BF4B-00C04F79EFBC}") = "copa-filmes-api.Dominio", "copa-filmes-api.Dominio\copa-filmes-api.Dominio.csproj", "{EE9730BA-8504-42B3-8C49-AECA90E8019B}"
EndProject
Global
	GlobalSection(SolutionConfigurationPlatforms) = preSolution
		Debug|Any CPU = Debug|Any CPU
		Release|Any CPU = Release|Any CPU
	EndGlobalSection
	GlobalSection(ProjectConfigurationPlatforms) = postSolution
		{92B6021A-510C-4D80-BEFC-B8E2AA67A2EB}.Debug|Any CPU.ActiveCfg = Debug|Any CPU
		{92B6021A-510C-4D80-BEFC-B8E2AA67A2EB}.Debug|Any CPU.Build.0 = Debug|Any CPU
		{92B6021A-510C-4D80-BEFC-B8E2AA67A2EB}.Release|Any CPU.ActiveCfg = Release|Any CPU
		{92B6021A-510C-4D80-BEFC-B8E2AA67A2EB}.Release|Any CPU.Build.0 = Release|Any CPU
		{A8B143D1-2873-4650-8C30-50A7E75DF11B}.Debug|Any CPU.ActiveCfg = Debug|Any CPU
		{A8B143D1-2873-4650-8C30-50A7E75DF11B}.Debug|Any CPU.Build.0 = Debug|Any CPU
		{A8B143D1-2873-4650-8C30-50A7E75DF11B}.Release|Any CPU.ActiveCfg = Release|Any CPU
		{A8B143D1-2873-4650-8C30-50A7E75DF11B}.Release|Any CPU.Build.0 = Release|Any CPU
		{EE9730BA-8504-42B3-8C49-AECA90E8019B}.Debug|Any CPU.ActiveCfg = Debug|Any CPU
		{EE9730BA-8504-42B3-8C49-AECA90E8019B}.Debug|Any CPU.Build.0 = Debug|Any CPU
		{EE9730BA-8504-42B3-8C49-AECA90E8019B}.Release|Any CPU.ActiveCfg = Release|Any CPU
		{EE9730BA-8504-42B3-8C49-AECA90E8019B}.Release|Any CPU.Build.0 = Release|Any CPU
	EndGlobalSection
	GlobalSection(SolutionProperties) = preSolution
		HideSolutionNode = FALSE
	EndGlobalSection
	GlobalSection(ExtensibilityGlobals) = postSolution
		SolutionGuid = {C973FCFA-38A5-4ED6-A469-A7600859A59E}
	EndGlobalSection
EndGlobal
